
Microsoft Visual Studio Solution File, Format Version 12.00
# Visual Studio 2013
VisualStudioVersion = 12.0.40629.0
MinimumVisualStudioVersion = 10.0.40219.1
Project("{FAE04EC0-301F-11D3-BF4B-00C04F79EFBC}") = "Knet.Core", "Knet.Core\Knet.Core.csproj", "{EF790A1C-F3A4-44F1-884A-05B29402F855}"
EndProject
Project("{FAE04EC0-301F-11D3-BF4B-00C04F79EFBC}") = "Knet.Test.Console", "Knet.TestConsole\Knet.Test.Console.csproj", "{B7ECBE84-05EA-4A1C-B359-0FEA7F8AA51D}"
EndProject
Project("{FAE04EC0-301F-11D3-BF4B-00C04F79EFBC}") = "Knet.Test.Unit", "Knet.Test.Unit\Knet.Test.Unit.csproj", "{2001AC6D-FD23-40D7-8B4D-32838B98E17E}"
EndProject
Project("{FAE04EC0-301F-11D3-BF4B-00C04F79EFBC}") = "Knet.Model", "Knet.Model\Knet.Model.csproj", "{57F7B107-1E52-4BEF-A735-7EE5B4208045}"
EndProject
Project("{FAE04EC0-301F-11D3-BF4B-00C04F79EFBC}") = "Knet.Api", "Knet.Api\Knet.Api.csproj", "{77AFA082-572B-4151-B451-A9BCA7F14E7D}"
EndProject
Global
	GlobalSection(SolutionConfigurationPlatforms) = preSolution
		Debug|Any CPU = Debug|Any CPU
		Release|Any CPU = Release|Any CPU
	EndGlobalSection
	GlobalSection(ProjectConfigurationPlatforms) = postSolution
		{EF790A1C-F3A4-44F1-884A-05B29402F855}.Debug|Any CPU.ActiveCfg = Debug|Any CPU
		{EF790A1C-F3A4-44F1-884A-05B29402F855}.Debug|Any CPU.Build.0 = Debug|Any CPU
		{EF790A1C-F3A4-44F1-884A-05B29402F855}.Release|Any CPU.ActiveCfg = Release|Any CPU
		{EF790A1C-F3A4-44F1-884A-05B29402F855}.Release|Any CPU.Build.0 = Release|Any CPU
		{B7ECBE84-05EA-4A1C-B359-0FEA7F8AA51D}.Debug|Any CPU.ActiveCfg = Debug|Any CPU
		{B7ECBE84-05EA-4A1C-B359-0FEA7F8AA51D}.Debug|Any CPU.Build.0 = Debug|Any CPU
		{B7ECBE84-05EA-4A1C-B359-0FEA7F8AA51D}.Release|Any CPU.ActiveCfg = Release|Any CPU
		{B7ECBE84-05EA-4A1C-B359-0FEA7F8AA51D}.Release|Any CPU.Build.0 = Release|Any CPU
		{2001AC6D-FD23-40D7-8B4D-32838B98E17E}.Debug|Any CPU.ActiveCfg = Debug|Any CPU
		{2001AC6D-FD23-40D7-8B4D-32838B98E17E}.Debug|Any CPU.Build.0 = Debug|Any CPU
		{2001AC6D-FD23-40D7-8B4D-32838B98E17E}.Release|Any CPU.ActiveCfg = Release|Any CPU
		{2001AC6D-FD23-40D7-8B4D-32838B98E17E}.Release|Any CPU.Build.0 = Release|Any CPU
		{57F7B107-1E52-4BEF-A735-7EE5B4208045}.Debug|Any CPU.ActiveCfg = Debug|Any CPU
		{57F7B107-1E52-4BEF-A735-7EE5B4208045}.Debug|Any CPU.Build.0 = Debug|Any CPU
		{57F7B107-1E52-4BEF-A735-7EE5B4208045}.Release|Any CPU.ActiveCfg = Release|Any CPU
		{57F7B107-1E52-4BEF-A735-7EE5B4208045}.Release|Any CPU.Build.0 = Release|Any CPU
		{77AFA082-572B-4151-B451-A9BCA7F14E7D}.Debug|Any CPU.ActiveCfg = Debug|Any CPU
		{77AFA082-572B-4151-B451-A9BCA7F14E7D}.Debug|Any CPU.Build.0 = Debug|Any CPU
		{77AFA082-572B-4151-B451-A9BCA7F14E7D}.Release|Any CPU.ActiveCfg = Release|Any CPU
		{77AFA082-572B-4151-B451-A9BCA7F14E7D}.Release|Any CPU.Build.0 = Release|Any CPU
	EndGlobalSection
	GlobalSection(SolutionProperties) = preSolution
		HideSolutionNode = FALSE
	EndGlobalSection
EndGlobal
